
Microsoft Visual Studio Solution File, Format Version 12.00
# Visual Studio Version 17
VisualStudioVersion = 17.5.33627.172
MinimumVisualStudioVersion = 10.0.40219.1
Project("{2150E333-8FDC-42A3-9474-1A3956D46DE8}") = "SolutionItems", "SolutionItems", "{1745A0C8-AABF-4A6B-88F7-1C5851B0C84A}"
EndProject
Project("{2150E333-8FDC-42A3-9474-1A3956D46DE8}") = "AzurePipelines", "AzurePipelines", "{E6DCEA4D-F419-4266-B645-2EDA13E41CC0}"
	ProjectSection(SolutionItems) = preProject
		azure-pipelines-client-companies.yml = azure-pipelines-client-companies.yml
	EndProjectSection
EndProject
Project("{2150E333-8FDC-42A3-9474-1A3956D46DE8}") = "Solution Items", "Solution Items", "{C283DF95-3808-4788-A75F-C7E410FB86EE}"
	ProjectSection(SolutionItems) = preProject
		.editorconfig = .editorconfig
	EndProjectSection
EndProject
Project("{9A19103F-16F7-4668-BE54-9A1E7A4F7556}") = "API.Company.Business", "API.Company.Business\API.Company.Business.csproj", "{DDA7AE5B-1DCF-497C-A5F7-CDD3416A773D}"
EndProject
Project("{9A19103F-16F7-4668-BE54-9A1E7A4F7556}") = "API.Company.Client", "API.Company.Client\API.Company.Client.csproj", "{F77886EA-2580-43D4-A632-AED9F4938743}"
EndProject
Project("{9A19103F-16F7-4668-BE54-9A1E7A4F7556}") = "API.Company.Client.Test", "API.Company.Client.Test\API.Company.Client.Test.csproj", "{7DD4EED1-C5F9-4828-B2E2-38A20375B255}"
EndProject
Project("{9A19103F-16F7-4668-BE54-9A1E7A4F7556}") = "API.Company.Host", "API.Company.Host\API.Company.Host.csproj", "{6B8A4D8E-B824-48D6-AB5A-406676B00416}"
EndProject
Project("{9A19103F-16F7-4668-BE54-9A1E7A4F7556}") = "API.Company.Infraestructure.Data", "API.Company.Infraestructure.Data\API.Company.Infraestructure.Data.csproj", "{05B4E21C-5B53-46DC-9951-1B66DC1CA622}"
EndProject
Project("{9A19103F-16F7-4668-BE54-9A1E7A4F7556}") = "API.Company.Models", "API.Company.Models\API.Company.Models.csproj", "{5682AC13-0773-4B1C-BAC1-0DF3B1D6329D}"
EndProject
Project("{9A19103F-16F7-4668-BE54-9A1E7A4F7556}") = "API.Company.Infraestructure.Domain", "API.Company.Infraestructure.Domain\API.Company.Infraestructure.Domain.csproj", "{E272B744-C821-4D55-AE50-86D2FD20F2AE}"
EndProject
Global
	GlobalSection(SolutionConfigurationPlatforms) = preSolution
		Debug|Any CPU = Debug|Any CPU
		Release|Any CPU = Release|Any CPU
	EndGlobalSection
	GlobalSection(ProjectConfigurationPlatforms) = postSolution
		{DDA7AE5B-1DCF-497C-A5F7-CDD3416A773D}.Debug|Any CPU.ActiveCfg = Debug|Any CPU
		{DDA7AE5B-1DCF-497C-A5F7-CDD3416A773D}.Debug|Any CPU.Build.0 = Debug|Any CPU
		{DDA7AE5B-1DCF-497C-A5F7-CDD3416A773D}.Release|Any CPU.ActiveCfg = Release|Any CPU
		{DDA7AE5B-1DCF-497C-A5F7-CDD3416A773D}.Release|Any CPU.Build.0 = Release|Any CPU
		{F77886EA-2580-43D4-A632-AED9F4938743}.Debug|Any CPU.ActiveCfg = Debug|Any CPU
		{F77886EA-2580-43D4-A632-AED9F4938743}.Debug|Any CPU.Build.0 = Debug|Any CPU
		{F77886EA-2580-43D4-A632-AED9F4938743}.Release|Any CPU.ActiveCfg = Release|Any CPU
		{F77886EA-2580-43D4-A632-AED9F4938743}.Release|Any CPU.Build.0 = Release|Any CPU
		{7DD4EED1-C5F9-4828-B2E2-38A20375B255}.Debug|Any CPU.ActiveCfg = Debug|Any CPU
		{7DD4EED1-C5F9-4828-B2E2-38A20375B255}.Debug|Any CPU.Build.0 = Debug|Any CPU
		{7DD4EED1-C5F9-4828-B2E2-38A20375B255}.Release|Any CPU.ActiveCfg = Release|Any CPU
		{7DD4EED1-C5F9-4828-B2E2-38A20375B255}.Release|Any CPU.Build.0 = Release|Any CPU
		{6B8A4D8E-B824-48D6-AB5A-406676B00416}.Debug|Any CPU.ActiveCfg = Debug|Any CPU
		{6B8A4D8E-B824-48D6-AB5A-406676B00416}.Debug|Any CPU.Build.0 = Debug|Any CPU
		{6B8A4D8E-B824-48D6-AB5A-406676B00416}.Release|Any CPU.ActiveCfg = Release|Any CPU
		{6B8A4D8E-B824-48D6-AB5A-406676B00416}.Release|Any CPU.Build.0 = Release|Any CPU
		{05B4E21C-5B53-46DC-9951-1B66DC1CA622}.Debug|Any CPU.ActiveCfg = Debug|Any CPU
		{05B4E21C-5B53-46DC-9951-1B66DC1CA622}.Debug|Any CPU.Build.0 = Debug|Any CPU
		{05B4E21C-5B53-46DC-9951-1B66DC1CA622}.Release|Any CPU.ActiveCfg = Release|Any CPU
		{05B4E21C-5B53-46DC-9951-1B66DC1CA622}.Release|Any CPU.Build.0 = Release|Any CPU
		{5682AC13-0773-4B1C-BAC1-0DF3B1D6329D}.Debug|Any CPU.ActiveCfg = Debug|Any CPU
		{5682AC13-0773-4B1C-BAC1-0DF3B1D6329D}.Debug|Any CPU.Build.0 = Debug|Any CPU
		{5682AC13-0773-4B1C-BAC1-0DF3B1D6329D}.Release|Any CPU.ActiveCfg = Release|Any CPU
		{5682AC13-0773-4B1C-BAC1-0DF3B1D6329D}.Release|Any CPU.Build.0 = Release|Any CPU
		{E272B744-C821-4D55-AE50-86D2FD20F2AE}.Debug|Any CPU.ActiveCfg = Debug|Any CPU
		{E272B744-C821-4D55-AE50-86D2FD20F2AE}.Debug|Any CPU.Build.0 = Debug|Any CPU
		{E272B744-C821-4D55-AE50-86D2FD20F2AE}.Release|Any CPU.ActiveCfg = Release|Any CPU
		{E272B744-C821-4D55-AE50-86D2FD20F2AE}.Release|Any CPU.Build.0 = Release|Any CPU
	EndGlobalSection
	GlobalSection(SolutionProperties) = preSolution
		HideSolutionNode = FALSE
	EndGlobalSection
	GlobalSection(NestedProjects) = preSolution
		{E6DCEA4D-F419-4266-B645-2EDA13E41CC0} = {1745A0C8-AABF-4A6B-88F7-1C5851B0C84A}
	EndGlobalSection
	GlobalSection(ExtensibilityGlobals) = postSolution
		SolutionGuid = {28DA835D-C103-400E-AF36-89914434624C}
	EndGlobalSection
EndGlobal
